{
  "version": 4,
  "terraform_version": "1.0.3",
  "serial": 16,
  "lineage": "de579e2a-86d9-524f-1c10-719a60a7f6da",
  "outputs": {
    "loadbalancer_private_ip": {
      "value": "10.0.1.4",
      "type": "string"
    },
    "resource_group_id": {
      "value": "/subscriptions/cc528cdd-ede8-434f-b4a3-ac9dfc27c857/resourceGroups/drajcan-resource_group",
      "type": "string"
    },
    "subnet_cidrs": {
      "value": [
        "10.0.1.0/24",
        "10.0.2.0/24",
        "10.0.3.0/24"
      ],
      "type": [
        "tuple",
        [
          "string",
          "string",
          "string"
        ]
      ]
    }
  },
  "resources": [
    {
      "mode": "managed",
      "type": "azurerm_lb",
      "name": "loadbalancer",
      "provider": "provider[\"registry.terraform.io/hashicorp/azurerm\"]",
      "instances": [
        {
          "schema_version": 0,
          "attributes": {
            "frontend_ip_configuration": [
              {
                "availability_zone": "No-Zone",
                "id": "/subscriptions/cc528cdd-ede8-434f-b4a3-ac9dfc27c857/resourceGroups/drajcan-resource_group/providers/Microsoft.Network/loadBalancers/drajcan-loadbalancer/frontendIPConfigurations/drajcan-frontend_ip_configuration",
                "inbound_nat_rules": [],
                "load_balancer_rules": [],
                "name": "drajcan-frontend_ip_configuration",
                "outbound_rules": [],
                "private_ip_address": "10.0.1.4",
                "private_ip_address_allocation": "Dynamic",
                "private_ip_address_version": "IPv4",
                "public_ip_address_id": "",
                "public_ip_prefix_id": "",
                "subnet_id": "/subscriptions/cc528cdd-ede8-434f-b4a3-ac9dfc27c857/resourceGroups/drajcan-resource_group/providers/Microsoft.Network/virtualNetworks/drajcan-virtual_network/subnets/drajcan-subnet-1",
                "zones": []
              }
            ],
            "id": "/subscriptions/cc528cdd-ede8-434f-b4a3-ac9dfc27c857/resourceGroups/drajcan-resource_group/providers/Microsoft.Network/loadBalancers/drajcan-loadbalancer",
            "location": "westeurope",
            "name": "drajcan-loadbalancer",
            "private_ip_address": "10.0.1.4",
            "private_ip_addresses": [
              "10.0.1.4"
            ],
            "resource_group_name": "drajcan-resource_group",
            "sku": "Basic",
            "tags": {
              "Name": "drajcan-loadbalancer",
              "Project": "drajcan"
            },
            "timeouts": null
          },
          "sensitive_attributes": [],
          "private": "eyJlMmJmYjczMC1lY2FhLTExZTYtOGY4OC0zNDM2M2JjN2M0YzAiOnsiY3JlYXRlIjoxODAwMDAwMDAwMDAwLCJkZWxldGUiOjE4MDAwMDAwMDAwMDAsInJlYWQiOjMwMDAwMDAwMDAwMCwidXBkYXRlIjoxODAwMDAwMDAwMDAwfX0=",
          "dependencies": [
            "azurerm_resource_group.resource_group",
            "azurerm_subnet.subnet"
          ]
        }
      ]
    },
    {
      "mode": "managed",
      "type": "azurerm_resource_group",
      "name": "resource_group",
      "provider": "provider[\"registry.terraform.io/hashicorp/azurerm\"]",
      "instances": [
        {
          "schema_version": 0,
          "attributes": {
            "id": "/subscriptions/cc528cdd-ede8-434f-b4a3-ac9dfc27c857/resourceGroups/drajcan-resource_group",
            "location": "westeurope",
            "name": "drajcan-resource_group",
            "tags": {
              "Name": "drajcan-resource_group",
              "Project": "drajcan"
            },
            "timeouts": null
          },
          "sensitive_attributes": [],
          "private": "eyJlMmJmYjczMC1lY2FhLTExZTYtOGY4OC0zNDM2M2JjN2M0YzAiOnsiY3JlYXRlIjo1NDAwMDAwMDAwMDAwLCJkZWxldGUiOjU0MDAwMDAwMDAwMDAsInJlYWQiOjMwMDAwMDAwMDAwMCwidXBkYXRlIjo1NDAwMDAwMDAwMDAwfX0="
        }
      ]
    },
    {
      "mode": "managed",
      "type": "azurerm_subnet",
      "name": "subnet",
      "provider": "provider[\"registry.terraform.io/hashicorp/azurerm\"]",
      "instances": [
        {
          "index_key": 0,
          "schema_version": 0,
          "attributes": {
            "address_prefix": "10.0.1.0/24",
            "address_prefixes": [
              "10.0.1.0/24"
            ],
            "delegation": [],
            "enforce_private_link_endpoint_network_policies": false,
            "enforce_private_link_service_network_policies": false,
            "id": "/subscriptions/cc528cdd-ede8-434f-b4a3-ac9dfc27c857/resourceGroups/drajcan-resource_group/providers/Microsoft.Network/virtualNetworks/drajcan-virtual_network/subnets/drajcan-subnet-1",
            "name": "drajcan-subnet-1",
            "resource_group_name": "drajcan-resource_group",
            "service_endpoint_policy_ids": [],
            "service_endpoints": [],
            "timeouts": null,
            "virtual_network_name": "drajcan-virtual_network"
          },
          "sensitive_attributes": [],
          "private": "eyJlMmJmYjczMC1lY2FhLTExZTYtOGY4OC0zNDM2M2JjN2M0YzAiOnsiY3JlYXRlIjoxODAwMDAwMDAwMDAwLCJkZWxldGUiOjE4MDAwMDAwMDAwMDAsInJlYWQiOjMwMDAwMDAwMDAwMCwidXBkYXRlIjoxODAwMDAwMDAwMDAwfX0=",
          "dependencies": [
            "azurerm_resource_group.resource_group",
            "azurerm_virtual_network.virtual_network"
          ]
        },
        {
          "index_key": 1,
          "schema_version": 0,
          "attributes": {
            "address_prefix": "10.0.2.0/24",
            "address_prefixes": [
              "10.0.2.0/24"
            ],
            "delegation": [],
            "enforce_private_link_endpoint_network_policies": false,
            "enforce_private_link_service_network_policies": false,
            "id": "/subscriptions/cc528cdd-ede8-434f-b4a3-ac9dfc27c857/resourceGroups/drajcan-resource_group/providers/Microsoft.Network/virtualNetworks/drajcan-virtual_network/subnets/drajcan-subnet-2",
            "name": "drajcan-subnet-2",
            "resource_group_name": "drajcan-resource_group",
            "service_endpoint_policy_ids": [],
            "service_endpoints": [],
            "timeouts": null,
            "virtual_network_name": "drajcan-virtual_network"
          },
          "sensitive_attributes": [],
          "private": "eyJlMmJmYjczMC1lY2FhLTExZTYtOGY4OC0zNDM2M2JjN2M0YzAiOnsiY3JlYXRlIjoxODAwMDAwMDAwMDAwLCJkZWxldGUiOjE4MDAwMDAwMDAwMDAsInJlYWQiOjMwMDAwMDAwMDAwMCwidXBkYXRlIjoxODAwMDAwMDAwMDAwfX0=",
          "dependencies": [
            "azurerm_resource_group.resource_group",
            "azurerm_virtual_network.virtual_network"
          ]
        },
        {
          "index_key": 2,
          "schema_version": 0,
          "attributes": {
            "address_prefix": "10.0.3.0/24",
            "address_prefixes": [
              "10.0.3.0/24"
            ],
            "delegation": [],
            "enforce_private_link_endpoint_network_policies": false,
            "enforce_private_link_service_network_policies": false,
            "id": "/subscriptions/cc528cdd-ede8-434f-b4a3-ac9dfc27c857/resourceGroups/drajcan-resource_group/providers/Microsoft.Network/virtualNetworks/drajcan-virtual_network/subnets/drajcan-subnet-3",
            "name": "drajcan-subnet-3",
            "resource_group_name": "drajcan-resource_group",
            "service_endpoint_policy_ids": [],
            "service_endpoints": [],
            "timeouts": null,
            "virtual_network_name": "drajcan-virtual_network"
          },
          "sensitive_attributes": [],
          "private": "eyJlMmJmYjczMC1lY2FhLTExZTYtOGY4OC0zNDM2M2JjN2M0YzAiOnsiY3JlYXRlIjoxODAwMDAwMDAwMDAwLCJkZWxldGUiOjE4MDAwMDAwMDAwMDAsInJlYWQiOjMwMDAwMDAwMDAwMCwidXBkYXRlIjoxODAwMDAwMDAwMDAwfX0=",
          "dependencies": [
            "azurerm_resource_group.resource_group",
            "azurerm_virtual_network.virtual_network"
          ]
        }
      ]
    },
    {
      "mode": "managed",
      "type": "azurerm_virtual_network",
      "name": "virtual_network",
      "provider": "provider[\"registry.terraform.io/hashicorp/azurerm\"]",
      "instances": [
        {
          "schema_version": 0,
          "attributes": {
            "address_space": [
              "10.0.0.0/16"
            ],
            "bgp_community": "",
            "ddos_protection_plan": [],
            "dns_servers": [],
            "guid": "03ea30fb-b4ef-4c01-be73-928b605bb84e",
            "id": "/subscriptions/cc528cdd-ede8-434f-b4a3-ac9dfc27c857/resourceGroups/drajcan-resource_group/providers/Microsoft.Network/virtualNetworks/drajcan-virtual_network",
            "location": "westeurope",
            "name": "drajcan-virtual_network",
            "resource_group_name": "drajcan-resource_group",
            "subnet": [
              {
                "address_prefix": "10.0.1.0/24",
                "id": "/subscriptions/cc528cdd-ede8-434f-b4a3-ac9dfc27c857/resourceGroups/drajcan-resource_group/providers/Microsoft.Network/virtualNetworks/drajcan-virtual_network/subnets/drajcan-subnet-1",
                "name": "drajcan-subnet-1",
                "security_group": ""
              },
              {
                "address_prefix": "10.0.2.0/24",
                "id": "/subscriptions/cc528cdd-ede8-434f-b4a3-ac9dfc27c857/resourceGroups/drajcan-resource_group/providers/Microsoft.Network/virtualNetworks/drajcan-virtual_network/subnets/drajcan-subnet-2",
                "name": "drajcan-subnet-2",
                "security_group": ""
              },
              {
                "address_prefix": "10.0.3.0/24",
                "id": "/subscriptions/cc528cdd-ede8-434f-b4a3-ac9dfc27c857/resourceGroups/drajcan-resource_group/providers/Microsoft.Network/virtualNetworks/drajcan-virtual_network/subnets/drajcan-subnet-3",
                "name": "drajcan-subnet-3",
                "security_group": ""
              }
            ],
            "tags": {
              "Name": "drajcan-virtual_network",
              "Project": "drajcan"
            },
            "timeouts": null,
            "vm_protection_enabled": false
          },
          "sensitive_attributes": [],
          "private": "eyJlMmJmYjczMC1lY2FhLTExZTYtOGY4OC0zNDM2M2JjN2M0YzAiOnsiY3JlYXRlIjoxODAwMDAwMDAwMDAwLCJkZWxldGUiOjE4MDAwMDAwMDAwMDAsInJlYWQiOjMwMDAwMDAwMDAwMCwidXBkYXRlIjoxODAwMDAwMDAwMDAwfX0=",
          "dependencies": [
            "azurerm_resource_group.resource_group"
          ]
        }
      ]
    }
  ]
}
